
Microsoft Visual Studio Solution File, Format Version 12.00
# Visual Studio Version 16
VisualStudioVersion = 16.0.30114.105
MinimumVisualStudioVersion = 10.0.40219.1
Project("{FAE04EC0-301F-11D3-BF4B-00C04F79EFBC}") = "AoC.Template", "AoC.Template\AoC.Template.csproj", "{5AE2EE2C-EE0D-4F32-B737-4EC6E4D1C630}"
EndProject
Project("{FAE04EC0-301F-11D3-BF4B-00C04F79EFBC}") = "Day01.a", "Day01.a\Day01.a.csproj", "{7C9048DE-B004-4F39-8399-03D89ECBB072}"
EndProject
Project("{FAE04EC0-301F-11D3-BF4B-00C04F79EFBC}") = "Day01.b", "Day01.b\Day01.b.csproj", "{4D9C4F3B-EFDA-4489-80F9-EE854979C696}"
EndProject
Project("{FAE04EC0-301F-11D3-BF4B-00C04F79EFBC}") = "Day02.a", "Day02.a\Day02.a.csproj", "{DF4F53BA-B65A-41FE-8BBF-3AB7813BF86D}"
EndProject
Project("{FAE04EC0-301F-11D3-BF4B-00C04F79EFBC}") = "Day02.b", "Day02.b\Day02.b.csproj", "{D006F5AE-FB44-4C60-8589-0F55F96B90C6}"
EndProject
Project("{FAE04EC0-301F-11D3-BF4B-00C04F79EFBC}") = "Day03.a", "Day03.a\Day03.a.csproj", "{7232494D-249A-4BC7-AA16-AD5E653EB798}"
EndProject
Project("{FAE04EC0-301F-11D3-BF4B-00C04F79EFBC}") = "Day03.b", "Day03.b\Day03.b.csproj", "{DF13B887-A72F-44E5-B9A1-945C3242ADCC}"
EndProject
Project("{FAE04EC0-301F-11D3-BF4B-00C04F79EFBC}") = "Day04.a", "Day04.a\Day04.a.csproj", "{75FE6103-D484-48D2-A804-A89E9D7AA910}"
EndProject
Project("{FAE04EC0-301F-11D3-BF4B-00C04F79EFBC}") = "Day04.b", "Day04.b\Day04.b.csproj", "{CFBEA01B-D9A4-43F3-A0D5-20E04C86FF59}"
EndProject
Project("{FAE04EC0-301F-11D3-BF4B-00C04F79EFBC}") = "Day05.a", "Day05.a\Day05.a.csproj", "{2F6541F2-7FDC-407F-AB73-7A4FE2F9BC84}"
EndProject
Project("{FAE04EC0-301F-11D3-BF4B-00C04F79EFBC}") = "Day05.b", "Day05.b\Day05.b.csproj", "{D3E7E1CE-8576-4299-8D4F-723528D1F2F7}"
EndProject
Project("{FAE04EC0-301F-11D3-BF4B-00C04F79EFBC}") = "Day06.a", "Day06.a\Day06.a.csproj", "{E2D8A985-617E-4CA8-A179-DAF6C3BDD351}"
EndProject
Project("{FAE04EC0-301F-11D3-BF4B-00C04F79EFBC}") = "Day06.b", "Day06.b\Day06.b.csproj", "{6EDF7C7E-2997-447E-BFAA-8FA7EF41E33B}"
EndProject
Global
	GlobalSection(SolutionProperties) = preSolution
		HideSolutionNode = FALSE
	EndGlobalSection
	GlobalSection(SolutionConfigurationPlatforms) = preSolution
		Debug|Any CPU = Debug|Any CPU
		Debug|x64 = Debug|x64
		Debug|x86 = Debug|x86
		Release|Any CPU = Release|Any CPU
		Release|x64 = Release|x64
		Release|x86 = Release|x86
	EndGlobalSection
	GlobalSection(ProjectConfigurationPlatforms) = postSolution
		{5AE2EE2C-EE0D-4F32-B737-4EC6E4D1C630}.Debug|Any CPU.ActiveCfg = Debug|Any CPU
		{5AE2EE2C-EE0D-4F32-B737-4EC6E4D1C630}.Debug|Any CPU.Build.0 = Debug|Any CPU
		{5AE2EE2C-EE0D-4F32-B737-4EC6E4D1C630}.Debug|x64.ActiveCfg = Debug|Any CPU
		{5AE2EE2C-EE0D-4F32-B737-4EC6E4D1C630}.Debug|x64.Build.0 = Debug|Any CPU
		{5AE2EE2C-EE0D-4F32-B737-4EC6E4D1C630}.Debug|x86.ActiveCfg = Debug|Any CPU
		{5AE2EE2C-EE0D-4F32-B737-4EC6E4D1C630}.Debug|x86.Build.0 = Debug|Any CPU
		{5AE2EE2C-EE0D-4F32-B737-4EC6E4D1C630}.Release|Any CPU.ActiveCfg = Release|Any CPU
		{5AE2EE2C-EE0D-4F32-B737-4EC6E4D1C630}.Release|Any CPU.Build.0 = Release|Any CPU
		{5AE2EE2C-EE0D-4F32-B737-4EC6E4D1C630}.Release|x64.ActiveCfg = Release|Any CPU
		{5AE2EE2C-EE0D-4F32-B737-4EC6E4D1C630}.Release|x64.Build.0 = Release|Any CPU
		{5AE2EE2C-EE0D-4F32-B737-4EC6E4D1C630}.Release|x86.ActiveCfg = Release|Any CPU
		{5AE2EE2C-EE0D-4F32-B737-4EC6E4D1C630}.Release|x86.Build.0 = Release|Any CPU
		{7C9048DE-B004-4F39-8399-03D89ECBB072}.Debug|Any CPU.ActiveCfg = Debug|Any CPU
		{7C9048DE-B004-4F39-8399-03D89ECBB072}.Debug|Any CPU.Build.0 = Debug|Any CPU
		{7C9048DE-B004-4F39-8399-03D89ECBB072}.Debug|x64.ActiveCfg = Debug|Any CPU
		{7C9048DE-B004-4F39-8399-03D89ECBB072}.Debug|x64.Build.0 = Debug|Any CPU
		{7C9048DE-B004-4F39-8399-03D89ECBB072}.Debug|x86.ActiveCfg = Debug|Any CPU
		{7C9048DE-B004-4F39-8399-03D89ECBB072}.Debug|x86.Build.0 = Debug|Any CPU
		{7C9048DE-B004-4F39-8399-03D89ECBB072}.Release|Any CPU.ActiveCfg = Release|Any CPU
		{7C9048DE-B004-4F39-8399-03D89ECBB072}.Release|Any CPU.Build.0 = Release|Any CPU
		{7C9048DE-B004-4F39-8399-03D89ECBB072}.Release|x64.ActiveCfg = Release|Any CPU
		{7C9048DE-B004-4F39-8399-03D89ECBB072}.Release|x64.Build.0 = Release|Any CPU
		{7C9048DE-B004-4F39-8399-03D89ECBB072}.Release|x86.ActiveCfg = Release|Any CPU
		{7C9048DE-B004-4F39-8399-03D89ECBB072}.Release|x86.Build.0 = Release|Any CPU
		{4D9C4F3B-EFDA-4489-80F9-EE854979C696}.Debug|Any CPU.ActiveCfg = Debug|Any CPU
		{4D9C4F3B-EFDA-4489-80F9-EE854979C696}.Debug|Any CPU.Build.0 = Debug|Any CPU
		{4D9C4F3B-EFDA-4489-80F9-EE854979C696}.Debug|x64.ActiveCfg = Debug|Any CPU
		{4D9C4F3B-EFDA-4489-80F9-EE854979C696}.Debug|x64.Build.0 = Debug|Any CPU
		{4D9C4F3B-EFDA-4489-80F9-EE854979C696}.Debug|x86.ActiveCfg = Debug|Any CPU
		{4D9C4F3B-EFDA-4489-80F9-EE854979C696}.Debug|x86.Build.0 = Debug|Any CPU
		{4D9C4F3B-EFDA-4489-80F9-EE854979C696}.Release|Any CPU.ActiveCfg = Release|Any CPU
		{4D9C4F3B-EFDA-4489-80F9-EE854979C696}.Release|Any CPU.Build.0 = Release|Any CPU
		{4D9C4F3B-EFDA-4489-80F9-EE854979C696}.Release|x64.ActiveCfg = Release|Any CPU
		{4D9C4F3B-EFDA-4489-80F9-EE854979C696}.Release|x64.Build.0 = Release|Any CPU
		{4D9C4F3B-EFDA-4489-80F9-EE854979C696}.Release|x86.ActiveCfg = Release|Any CPU
		{4D9C4F3B-EFDA-4489-80F9-EE854979C696}.Release|x86.Build.0 = Release|Any CPU
		{DF4F53BA-B65A-41FE-8BBF-3AB7813BF86D}.Debug|Any CPU.ActiveCfg = Debug|Any CPU
		{DF4F53BA-B65A-41FE-8BBF-3AB7813BF86D}.Debug|Any CPU.Build.0 = Debug|Any CPU
		{DF4F53BA-B65A-41FE-8BBF-3AB7813BF86D}.Debug|x64.ActiveCfg = Debug|Any CPU
		{DF4F53BA-B65A-41FE-8BBF-3AB7813BF86D}.Debug|x64.Build.0 = Debug|Any CPU
		{DF4F53BA-B65A-41FE-8BBF-3AB7813BF86D}.Debug|x86.ActiveCfg = Debug|Any CPU
		{DF4F53BA-B65A-41FE-8BBF-3AB7813BF86D}.Debug|x86.Build.0 = Debug|Any CPU
		{DF4F53BA-B65A-41FE-8BBF-3AB7813BF86D}.Release|Any CPU.ActiveCfg = Release|Any CPU
		{DF4F53BA-B65A-41FE-8BBF-3AB7813BF86D}.Release|Any CPU.Build.0 = Release|Any CPU
		{DF4F53BA-B65A-41FE-8BBF-3AB7813BF86D}.Release|x64.ActiveCfg = Release|Any CPU
		{DF4F53BA-B65A-41FE-8BBF-3AB7813BF86D}.Release|x64.Build.0 = Release|Any CPU
		{DF4F53BA-B65A-41FE-8BBF-3AB7813BF86D}.Release|x86.ActiveCfg = Release|Any CPU
		{DF4F53BA-B65A-41FE-8BBF-3AB7813BF86D}.Release|x86.Build.0 = Release|Any CPU
		{D006F5AE-FB44-4C60-8589-0F55F96B90C6}.Debug|Any CPU.ActiveCfg = Debug|Any CPU
		{D006F5AE-FB44-4C60-8589-0F55F96B90C6}.Debug|Any CPU.Build.0 = Debug|Any CPU
		{D006F5AE-FB44-4C60-8589-0F55F96B90C6}.Debug|x64.ActiveCfg = Debug|Any CPU
		{D006F5AE-FB44-4C60-8589-0F55F96B90C6}.Debug|x64.Build.0 = Debug|Any CPU
		{D006F5AE-FB44-4C60-8589-0F55F96B90C6}.Debug|x86.ActiveCfg = Debug|Any CPU
		{D006F5AE-FB44-4C60-8589-0F55F96B90C6}.Debug|x86.Build.0 = Debug|Any CPU
		{D006F5AE-FB44-4C60-8589-0F55F96B90C6}.Release|Any CPU.ActiveCfg = Release|Any CPU
		{D006F5AE-FB44-4C60-8589-0F55F96B90C6}.Release|Any CPU.Build.0 = Release|Any CPU
		{D006F5AE-FB44-4C60-8589-0F55F96B90C6}.Release|x64.ActiveCfg = Release|Any CPU
		{D006F5AE-FB44-4C60-8589-0F55F96B90C6}.Release|x64.Build.0 = Release|Any CPU
		{D006F5AE-FB44-4C60-8589-0F55F96B90C6}.Release|x86.ActiveCfg = Release|Any CPU
		{D006F5AE-FB44-4C60-8589-0F55F96B90C6}.Release|x86.Build.0 = Release|Any CPU
		{7232494D-249A-4BC7-AA16-AD5E653EB798}.Debug|Any CPU.ActiveCfg = Debug|Any CPU
		{7232494D-249A-4BC7-AA16-AD5E653EB798}.Debug|Any CPU.Build.0 = Debug|Any CPU
		{7232494D-249A-4BC7-AA16-AD5E653EB798}.Debug|x64.ActiveCfg = Debug|Any CPU
		{7232494D-249A-4BC7-AA16-AD5E653EB798}.Debug|x64.Build.0 = Debug|Any CPU
		{7232494D-249A-4BC7-AA16-AD5E653EB798}.Debug|x86.ActiveCfg = Debug|Any CPU
		{7232494D-249A-4BC7-AA16-AD5E653EB798}.Debug|x86.Build.0 = Debug|Any CPU
		{7232494D-249A-4BC7-AA16-AD5E653EB798}.Release|Any CPU.ActiveCfg = Release|Any CPU
		{7232494D-249A-4BC7-AA16-AD5E653EB798}.Release|Any CPU.Build.0 = Release|Any CPU
		{7232494D-249A-4BC7-AA16-AD5E653EB798}.Release|x64.ActiveCfg = Release|Any CPU
		{7232494D-249A-4BC7-AA16-AD5E653EB798}.Release|x64.Build.0 = Release|Any CPU
		{7232494D-249A-4BC7-AA16-AD5E653EB798}.Release|x86.ActiveCfg = Release|Any CPU
		{7232494D-249A-4BC7-AA16-AD5E653EB798}.Release|x86.Build.0 = Release|Any CPU
		{DF13B887-A72F-44E5-B9A1-945C3242ADCC}.Debug|Any CPU.ActiveCfg = Debug|Any CPU
		{DF13B887-A72F-44E5-B9A1-945C3242ADCC}.Debug|Any CPU.Build.0 = Debug|Any CPU
		{DF13B887-A72F-44E5-B9A1-945C3242ADCC}.Debug|x64.ActiveCfg = Debug|Any CPU
		{DF13B887-A72F-44E5-B9A1-945C3242ADCC}.Debug|x64.Build.0 = Debug|Any CPU
		{DF13B887-A72F-44E5-B9A1-945C3242ADCC}.Debug|x86.ActiveCfg = Debug|Any CPU
		{DF13B887-A72F-44E5-B9A1-945C3242ADCC}.Debug|x86.Build.0 = Debug|Any CPU
		{DF13B887-A72F-44E5-B9A1-945C3242ADCC}.Release|Any CPU.ActiveCfg = Release|Any CPU
		{DF13B887-A72F-44E5-B9A1-945C3242ADCC}.Release|Any CPU.Build.0 = Release|Any CPU
		{DF13B887-A72F-44E5-B9A1-945C3242ADCC}.Release|x64.ActiveCfg = Release|Any CPU
		{DF13B887-A72F-44E5-B9A1-945C3242ADCC}.Release|x64.Build.0 = Release|Any CPU
		{DF13B887-A72F-44E5-B9A1-945C3242ADCC}.Release|x86.ActiveCfg = Release|Any CPU
		{DF13B887-A72F-44E5-B9A1-945C3242ADCC}.Release|x86.Build.0 = Release|Any CPU
		{75FE6103-D484-48D2-A804-A89E9D7AA910}.Debug|Any CPU.ActiveCfg = Debug|Any CPU
		{75FE6103-D484-48D2-A804-A89E9D7AA910}.Debug|Any CPU.Build.0 = Debug|Any CPU
		{75FE6103-D484-48D2-A804-A89E9D7AA910}.Debug|x64.ActiveCfg = Debug|Any CPU
		{75FE6103-D484-48D2-A804-A89E9D7AA910}.Debug|x64.Build.0 = Debug|Any CPU
		{75FE6103-D484-48D2-A804-A89E9D7AA910}.Debug|x86.ActiveCfg = Debug|Any CPU
		{75FE6103-D484-48D2-A804-A89E9D7AA910}.Debug|x86.Build.0 = Debug|Any CPU
		{75FE6103-D484-48D2-A804-A89E9D7AA910}.Release|Any CPU.ActiveCfg = Release|Any CPU
		{75FE6103-D484-48D2-A804-A89E9D7AA910}.Release|Any CPU.Build.0 = Release|Any CPU
		{75FE6103-D484-48D2-A804-A89E9D7AA910}.Release|x64.ActiveCfg = Release|Any CPU
		{75FE6103-D484-48D2-A804-A89E9D7AA910}.Release|x64.Build.0 = Release|Any CPU
		{75FE6103-D484-48D2-A804-A89E9D7AA910}.Release|x86.ActiveCfg = Release|Any CPU
		{75FE6103-D484-48D2-A804-A89E9D7AA910}.Release|x86.Build.0 = Release|Any CPU
		{CFBEA01B-D9A4-43F3-A0D5-20E04C86FF59}.Debug|Any CPU.ActiveCfg = Debug|Any CPU
		{CFBEA01B-D9A4-43F3-A0D5-20E04C86FF59}.Debug|Any CPU.Build.0 = Debug|Any CPU
		{CFBEA01B-D9A4-43F3-A0D5-20E04C86FF59}.Debug|x64.ActiveCfg = Debug|Any CPU
		{CFBEA01B-D9A4-43F3-A0D5-20E04C86FF59}.Debug|x64.Build.0 = Debug|Any CPU
		{CFBEA01B-D9A4-43F3-A0D5-20E04C86FF59}.Debug|x86.ActiveCfg = Debug|Any CPU
		{CFBEA01B-D9A4-43F3-A0D5-20E04C86FF59}.Debug|x86.Build.0 = Debug|Any CPU
		{CFBEA01B-D9A4-43F3-A0D5-20E04C86FF59}.Release|Any CPU.ActiveCfg = Release|Any CPU
		{CFBEA01B-D9A4-43F3-A0D5-20E04C86FF59}.Release|Any CPU.Build.0 = Release|Any CPU
		{CFBEA01B-D9A4-43F3-A0D5-20E04C86FF59}.Release|x64.ActiveCfg = Release|Any CPU
		{CFBEA01B-D9A4-43F3-A0D5-20E04C86FF59}.Release|x64.Build.0 = Release|Any CPU
		{CFBEA01B-D9A4-43F3-A0D5-20E04C86FF59}.Release|x86.ActiveCfg = Release|Any CPU
		{CFBEA01B-D9A4-43F3-A0D5-20E04C86FF59}.Release|x86.Build.0 = Release|Any CPU
		{2F6541F2-7FDC-407F-AB73-7A4FE2F9BC84}.Debug|Any CPU.ActiveCfg = Debug|Any CPU
		{2F6541F2-7FDC-407F-AB73-7A4FE2F9BC84}.Debug|Any CPU.Build.0 = Debug|Any CPU
		{2F6541F2-7FDC-407F-AB73-7A4FE2F9BC84}.Debug|x64.ActiveCfg = Debug|Any CPU
		{2F6541F2-7FDC-407F-AB73-7A4FE2F9BC84}.Debug|x64.Build.0 = Debug|Any CPU
		{2F6541F2-7FDC-407F-AB73-7A4FE2F9BC84}.Debug|x86.ActiveCfg = Debug|Any CPU
		{2F6541F2-7FDC-407F-AB73-7A4FE2F9BC84}.Debug|x86.Build.0 = Debug|Any CPU
		{2F6541F2-7FDC-407F-AB73-7A4FE2F9BC84}.Release|Any CPU.ActiveCfg = Release|Any CPU
		{2F6541F2-7FDC-407F-AB73-7A4FE2F9BC84}.Release|Any CPU.Build.0 = Release|Any CPU
		{2F6541F2-7FDC-407F-AB73-7A4FE2F9BC84}.Release|x64.ActiveCfg = Release|Any CPU
		{2F6541F2-7FDC-407F-AB73-7A4FE2F9BC84}.Release|x64.Build.0 = Release|Any CPU
		{2F6541F2-7FDC-407F-AB73-7A4FE2F9BC84}.Release|x86.ActiveCfg = Release|Any CPU
		{2F6541F2-7FDC-407F-AB73-7A4FE2F9BC84}.Release|x86.Build.0 = Release|Any CPU
		{D3E7E1CE-8576-4299-8D4F-723528D1F2F7}.Debug|Any CPU.ActiveCfg = Debug|Any CPU
		{D3E7E1CE-8576-4299-8D4F-723528D1F2F7}.Debug|Any CPU.Build.0 = Debug|Any CPU
		{D3E7E1CE-8576-4299-8D4F-723528D1F2F7}.Debug|x64.ActiveCfg = Debug|Any CPU
		{D3E7E1CE-8576-4299-8D4F-723528D1F2F7}.Debug|x64.Build.0 = Debug|Any CPU
		{D3E7E1CE-8576-4299-8D4F-723528D1F2F7}.Debug|x86.ActiveCfg = Debug|Any CPU
		{D3E7E1CE-8576-4299-8D4F-723528D1F2F7}.Debug|x86.Build.0 = Debug|Any CPU
		{D3E7E1CE-8576-4299-8D4F-723528D1F2F7}.Release|Any CPU.ActiveCfg = Release|Any CPU
		{D3E7E1CE-8576-4299-8D4F-723528D1F2F7}.Release|Any CPU.Build.0 = Release|Any CPU
		{D3E7E1CE-8576-4299-8D4F-723528D1F2F7}.Release|x64.ActiveCfg = Release|Any CPU
		{D3E7E1CE-8576-4299-8D4F-723528D1F2F7}.Release|x64.Build.0 = Release|Any CPU
		{D3E7E1CE-8576-4299-8D4F-723528D1F2F7}.Release|x86.ActiveCfg = Release|Any CPU
		{D3E7E1CE-8576-4299-8D4F-723528D1F2F7}.Release|x86.Build.0 = Release|Any CPU
		{E2D8A985-617E-4CA8-A179-DAF6C3BDD351}.Debug|Any CPU.ActiveCfg = Debug|Any CPU
		{E2D8A985-617E-4CA8-A179-DAF6C3BDD351}.Debug|Any CPU.Build.0 = Debug|Any CPU
		{E2D8A985-617E-4CA8-A179-DAF6C3BDD351}.Debug|x64.ActiveCfg = Debug|Any CPU
		{E2D8A985-617E-4CA8-A179-DAF6C3BDD351}.Debug|x64.Build.0 = Debug|Any CPU
		{E2D8A985-617E-4CA8-A179-DAF6C3BDD351}.Debug|x86.ActiveCfg = Debug|Any CPU
		{E2D8A985-617E-4CA8-A179-DAF6C3BDD351}.Debug|x86.Build.0 = Debug|Any CPU
		{E2D8A985-617E-4CA8-A179-DAF6C3BDD351}.Release|Any CPU.ActiveCfg = Release|Any CPU
		{E2D8A985-617E-4CA8-A179-DAF6C3BDD351}.Release|Any CPU.Build.0 = Release|Any CPU
		{E2D8A985-617E-4CA8-A179-DAF6C3BDD351}.Release|x64.ActiveCfg = Release|Any CPU
		{E2D8A985-617E-4CA8-A179-DAF6C3BDD351}.Release|x64.Build.0 = Release|Any CPU
		{E2D8A985-617E-4CA8-A179-DAF6C3BDD351}.Release|x86.ActiveCfg = Release|Any CPU
		{E2D8A985-617E-4CA8-A179-DAF6C3BDD351}.Release|x86.Build.0 = Release|Any CPU
		{6EDF7C7E-2997-447E-BFAA-8FA7EF41E33B}.Debug|Any CPU.ActiveCfg = Debug|Any CPU
		{6EDF7C7E-2997-447E-BFAA-8FA7EF41E33B}.Debug|Any CPU.Build.0 = Debug|Any CPU
		{6EDF7C7E-2997-447E-BFAA-8FA7EF41E33B}.Debug|x64.ActiveCfg = Debug|Any CPU
		{6EDF7C7E-2997-447E-BFAA-8FA7EF41E33B}.Debug|x64.Build.0 = Debug|Any CPU
		{6EDF7C7E-2997-447E-BFAA-8FA7EF41E33B}.Debug|x86.ActiveCfg = Debug|Any CPU
		{6EDF7C7E-2997-447E-BFAA-8FA7EF41E33B}.Debug|x86.Build.0 = Debug|Any CPU
		{6EDF7C7E-2997-447E-BFAA-8FA7EF41E33B}.Release|Any CPU.ActiveCfg = Release|Any CPU
		{6EDF7C7E-2997-447E-BFAA-8FA7EF41E33B}.Release|Any CPU.Build.0 = Release|Any CPU
		{6EDF7C7E-2997-447E-BFAA-8FA7EF41E33B}.Release|x64.ActiveCfg = Release|Any CPU
		{6EDF7C7E-2997-447E-BFAA-8FA7EF41E33B}.Release|x64.Build.0 = Release|Any CPU
		{6EDF7C7E-2997-447E-BFAA-8FA7EF41E33B}.Release|x86.ActiveCfg = Release|Any CPU
		{6EDF7C7E-2997-447E-BFAA-8FA7EF41E33B}.Release|x86.Build.0 = Release|Any CPU
	EndGlobalSection
EndGlobal
